// !$*UTF8*$!
{
	archiveVersion = 1;
	classes = {
	};
	objectVersion = 56;
	objects = {

/* Begin PBXBuildFile section */
		2608B5792B89019500EE3F36 /* LoginVC.swift in Sources */ = {isa = PBXBuildFile; fileRef = 2608B5772B89019500EE3F36 /* LoginVC.swift */; };
		2608B57A2B89019500EE3F36 /* SignupVC.swift in Sources */ = {isa = PBXBuildFile; fileRef = 2608B5782B89019500EE3F36 /* SignupVC.swift */; };
		2608B5942B8905C500EE3F36 /* pet.gif in Resources */ = {isa = PBXBuildFile; fileRef = 2608B5932B8905C500EE3F36 /* pet.gif */; };
		2608B5982B8905DD00EE3F36 /* AnimationScreen.swift in Sources */ = {isa = PBXBuildFile; fileRef = 2608B5972B8905DD00EE3F36 /* AnimationScreen.swift */; };
		2608B59A2B8909E000EE3F36 /* Mp3Player.swift in Sources */ = {isa = PBXBuildFile; fileRef = 2608B5992B8909E000EE3F36 /* Mp3Player.swift */; };
		2608B59C2B890C6A00EE3F36 /* dogSound.mp3 in Resources */ = {isa = PBXBuildFile; fileRef = 2608B59B2B890C6A00EE3F36 /* dogSound.mp3 */; };
		2627C26A2B885209005DEC0B /* AppDelegate.swift in Sources */ = {isa = PBXBuildFile; fileRef = 2627C2692B885209005DEC0B /* AppDelegate.swift */; };
		2627C26C2B885209005DEC0B /* SceneDelegate.swift in Sources */ = {isa = PBXBuildFile; fileRef = 2627C26B2B885209005DEC0B /* SceneDelegate.swift */; };
		2627C2712B885209005DEC0B /* Main.storyboard in Resources */ = {isa = PBXBuildFile; fileRef = 2627C26F2B885209005DEC0B /* Main.storyboard */; };
		2627C2732B88520B005DEC0B /* Assets.xcassets in Resources */ = {isa = PBXBuildFile; fileRef = 2627C2722B88520B005DEC0B /* Assets.xcassets */; };
		2627C2762B88520B005DEC0B /* LaunchScreen.storyboard in Resources */ = {isa = PBXBuildFile; fileRef = 2627C2742B88520B005DEC0B /* LaunchScreen.storyboard */; };
		2627C27E2B885265005DEC0B /* GoogleService-Info.plist in Resources */ = {isa = PBXBuildFile; fileRef = 2627C27D2B885265005DEC0B /* GoogleService-Info.plist */; };
		26952BD12B890D5B00815A0E /* clap.gif in Resources */ = {isa = PBXBuildFile; fileRef = 26952BD02B890D5B00815A0E /* clap.gif */; };
		30638BC82B9981AA00B0E9C1 /* Color.swift in Sources */ = {isa = PBXBuildFile; fileRef = 30638BC72B9981AA00B0E9C1 /* Color.swift */; };
		30A4749D2B9B7C8B0018F59D /* Constants.swift in Sources */ = {isa = PBXBuildFile; fileRef = 30A4749C2B9B7C8B0018F59D /* Constants.swift */; };
		30A4749F2B9BBB680018F59D /* BackButton.swift in Sources */ = {isa = PBXBuildFile; fileRef = 30A4749E2B9BBB680018F59D /* BackButton.swift */; };
		5E1B6CBE2B9A94DC007073DB /* GlobalDateTimePicker.swift in Sources */ = {isa = PBXBuildFile; fileRef = 5E1B6CBD2B9A94DC007073DB /* GlobalDateTimePicker.swift */; };
		5E8607362B9A98F0009B63C0 /* ClickableLabel.swift in Sources */ = {isa = PBXBuildFile; fileRef = 5E8607352B9A98F0009B63C0 /* ClickableLabel.swift */; };
		5EE816E82BB7504000FAB358 /* PageIndicator.swift in Sources */ = {isa = PBXBuildFile; fileRef = 5EE816E72BB7504000FAB358 /* PageIndicator.swift */; };
		D743A7E32B997B860002A73B /* ButtonWithShawdow.swift in Sources */ = {isa = PBXBuildFile; fileRef = D743A7E22B997B860002A73B /* ButtonWithShawdow.swift */; };
		D76A914F2BAF90D20088AC50 /* GIFImageView.swift in Sources */ = {isa = PBXBuildFile; fileRef = D76A914E2BAF90D20088AC50 /* GIFImageView.swift */; };
		D7EA20FC2B9B5F8100374889 /* DesignableView.swift in Sources */ = {isa = PBXBuildFile; fileRef = D7EA20FB2B9B5F8100374889 /* DesignableView.swift */; };
		D7EBDB592BB6687700CD98F7 /* UserDefaultsManager.swift in Sources */ = {isa = PBXBuildFile; fileRef = D7EBDB582BB6687700CD98F7 /* UserDefaultsManager.swift */; };
/* End PBXBuildFile section */

/* Begin PBXFileReference section */
		2608B5772B89019500EE3F36 /* LoginVC.swift */ = {isa = PBXFileReference; fileEncoding = 4; lastKnownFileType = sourcecode.swift; path = LoginVC.swift; sourceTree = "<group>"; };
		2608B5782B89019500EE3F36 /* SignupVC.swift */ = {isa = PBXFileReference; fileEncoding = 4; lastKnownFileType = sourcecode.swift; path = SignupVC.swift; sourceTree = "<group>"; };
		2608B5932B8905C500EE3F36 /* pet.gif */ = {isa = PBXFileReference; lastKnownFileType = image.gif; path = pet.gif; sourceTree = "<group>"; };
		2608B5972B8905DD00EE3F36 /* AnimationScreen.swift */ = {isa = PBXFileReference; fileEncoding = 4; lastKnownFileType = sourcecode.swift; path = AnimationScreen.swift; sourceTree = "<group>"; };
		2608B5992B8909E000EE3F36 /* Mp3Player.swift */ = {isa = PBXFileReference; lastKnownFileType = sourcecode.swift; path = Mp3Player.swift; sourceTree = "<group>"; };
		2608B59B2B890C6A00EE3F36 /* dogSound.mp3 */ = {isa = PBXFileReference; lastKnownFileType = audio.mp3; path = dogSound.mp3; sourceTree = "<group>"; };
		2627C2662B885209005DEC0B /* Pet adoption.app */ = {isa = PBXFileReference; explicitFileType = wrapper.application; includeInIndex = 0; path = "Pet adoption.app"; sourceTree = BUILT_PRODUCTS_DIR; };
		2627C2692B885209005DEC0B /* AppDelegate.swift */ = {isa = PBXFileReference; lastKnownFileType = sourcecode.swift; path = AppDelegate.swift; sourceTree = "<group>"; };
		2627C26B2B885209005DEC0B /* SceneDelegate.swift */ = {isa = PBXFileReference; lastKnownFileType = sourcecode.swift; path = SceneDelegate.swift; sourceTree = "<group>"; };
		2627C2702B885209005DEC0B /* Base */ = {isa = PBXFileReference; lastKnownFileType = file.storyboard; name = Base; path = Base.lproj/Main.storyboard; sourceTree = "<group>"; };
		2627C2722B88520B005DEC0B /* Assets.xcassets */ = {isa = PBXFileReference; lastKnownFileType = folder.assetcatalog; path = Assets.xcassets; sourceTree = "<group>"; };
		2627C2752B88520B005DEC0B /* Base */ = {isa = PBXFileReference; lastKnownFileType = file.storyboard; name = Base; path = Base.lproj/LaunchScreen.storyboard; sourceTree = "<group>"; };
		2627C2772B88520B005DEC0B /* Info.plist */ = {isa = PBXFileReference; lastKnownFileType = text.plist.xml; path = Info.plist; sourceTree = "<group>"; };
		2627C27D2B885265005DEC0B /* GoogleService-Info.plist */ = {isa = PBXFileReference; fileEncoding = 4; lastKnownFileType = text.plist.xml; path = "GoogleService-Info.plist"; sourceTree = "<group>"; };
		26952BD02B890D5B00815A0E /* clap.gif */ = {isa = PBXFileReference; lastKnownFileType = image.gif; path = clap.gif; sourceTree = "<group>"; };
		30638BC72B9981AA00B0E9C1 /* Color.swift */ = {isa = PBXFileReference; fileEncoding = 4; lastKnownFileType = sourcecode.swift; path = Color.swift; sourceTree = "<group>"; };
		30A4749C2B9B7C8B0018F59D /* Constants.swift */ = {isa = PBXFileReference; lastKnownFileType = sourcecode.swift; path = Constants.swift; sourceTree = "<group>"; };
		30A4749E2B9BBB680018F59D /* BackButton.swift */ = {isa = PBXFileReference; lastKnownFileType = sourcecode.swift; path = BackButton.swift; sourceTree = "<group>"; };
		5E1B6CBD2B9A94DC007073DB /* GlobalDateTimePicker.swift */ = {isa = PBXFileReference; fileEncoding = 4; lastKnownFileType = sourcecode.swift; path = GlobalDateTimePicker.swift; sourceTree = "<group>"; };
		5E8607352B9A98F0009B63C0 /* ClickableLabel.swift */ = {isa = PBXFileReference; fileEncoding = 4; lastKnownFileType = sourcecode.swift; path = ClickableLabel.swift; sourceTree = "<group>"; };
		5EE816E72BB7504000FAB358 /* PageIndicator.swift */ = {isa = PBXFileReference; lastKnownFileType = sourcecode.swift; path = PageIndicator.swift; sourceTree = "<group>"; };
		D743A7E22B997B860002A73B /* ButtonWithShawdow.swift */ = {isa = PBXFileReference; fileEncoding = 4; lastKnownFileType = sourcecode.swift; path = ButtonWithShawdow.swift; sourceTree = "<group>"; };
		D76A914E2BAF90D20088AC50 /* GIFImageView.swift */ = {isa = PBXFileReference; lastKnownFileType = sourcecode.swift; path = GIFImageView.swift; sourceTree = "<group>"; };
		D7EA20FB2B9B5F8100374889 /* DesignableView.swift */ = {isa = PBXFileReference; lastKnownFileType = sourcecode.swift; path = DesignableView.swift; sourceTree = "<group>"; };
		D7EBDB582BB6687700CD98F7 /* UserDefaultsManager.swift */ = {isa = PBXFileReference; fileEncoding = 4; lastKnownFileType = sourcecode.swift; path = UserDefaultsManager.swift; sourceTree = "<group>"; };
/* End PBXFileReference section */

/* Begin PBXFrameworksBuildPhase section */
		2627C2632B885209005DEC0B /* Frameworks */ = {
			isa = PBXFrameworksBuildPhase;
			buildActionMask = 2147483647;
			files = (
			);
			runOnlyForDeploymentPostprocessing = 0;
		};
/* End PBXFrameworksBuildPhase section */

/* Begin PBXGroup section */
		2608B5752B88FFD400EE3F36 /* Others */ = {
			isa = PBXGroup;
			children = (
				26952BD02B890D5B00815A0E /* clap.gif */,
				2608B5992B8909E000EE3F36 /* Mp3Player.swift */,
				2608B59B2B890C6A00EE3F36 /* dogSound.mp3 */,
				2608B5932B8905C500EE3F36 /* pet.gif */,
				2627C27D2B885265005DEC0B /* GoogleService-Info.plist */,
				D7EBDB5A2BB668AE00CD98F7 /* DatabaseClasses */,
				D7EBDB572BB6650400CD98F7 /* SupportingFiles */,
			);
			path = Others;
			sourceTree = "<group>";
		};
		2608B5762B89018200EE3F36 /* ViewControllers */ = {
			isa = PBXGroup;
			children = (
				2608B5972B8905DD00EE3F36 /* AnimationScreen.swift */,
				2608B57B2B89019900EE3F36 /* LoginSingup */,
			);
			path = ViewControllers;
			sourceTree = "<group>";
		};
		2608B57B2B89019900EE3F36 /* LoginSingup */ = {
			isa = PBXGroup;
			children = (
				2608B5772B89019500EE3F36 /* LoginVC.swift */,
				2608B5782B89019500EE3F36 /* SignupVC.swift */,
			);
			path = LoginSingup;
			sourceTree = "<group>";
		};
		2627C25D2B885209005DEC0B = {
			isa = PBXGroup;
			children = (
				2627C2682B885209005DEC0B /* Pet adoption */,
				2627C2672B885209005DEC0B /* Products */,
			);
			sourceTree = "<group>";
		};
		2627C2672B885209005DEC0B /* Products */ = {
			isa = PBXGroup;
			children = (
				2627C2662B885209005DEC0B /* Pet adoption.app */,
			);
			name = Products;
			sourceTree = "<group>";
		};
		2627C2682B885209005DEC0B /* Pet adoption */ = {
			isa = PBXGroup;
			children = (
				D7EA20FA2B9B5EC400374889 /* CustomViews */,
				2608B5762B89018200EE3F36 /* ViewControllers */,
				2608B5752B88FFD400EE3F36 /* Others */,
				2627C2722B88520B005DEC0B /* Assets.xcassets */,
				2627C26F2B885209005DEC0B /* Main.storyboard */,
				2627C2742B88520B005DEC0B /* LaunchScreen.storyboard */,
				2627C2772B88520B005DEC0B /* Info.plist */,
			);
			path = "Pet adoption";
			sourceTree = "<group>";
		};
		D7EA20FA2B9B5EC400374889 /* CustomViews */ = {
			isa = PBXGroup;
			children = (
				D743A7E22B997B860002A73B /* ButtonWithShawdow.swift */,
				30638BC72B9981AA00B0E9C1 /* Color.swift */,
				5EE816E72BB7504000FAB358 /* PageIndicator.swift */,
				5E1B6CBD2B9A94DC007073DB /* GlobalDateTimePicker.swift */,
				5E8607352B9A98F0009B63C0 /* ClickableLabel.swift */,
				D7EA20FB2B9B5F8100374889 /* DesignableView.swift */,
				D76A914E2BAF90D20088AC50 /* GIFImageView.swift */,
				30A4749C2B9B7C8B0018F59D /* Constants.swift */,
				30A4749E2B9BBB680018F59D /* BackButton.swift */,
			);
			path = CustomViews;
			sourceTree = "<group>";
		};
		D7EBDB572BB6650400CD98F7 /* SupportingFiles */ = {
			isa = PBXGroup;
			children = (
				2627C2692B885209005DEC0B /* AppDelegate.swift */,
				2627C26B2B885209005DEC0B /* SceneDelegate.swift */,
			);
			path = SupportingFiles;
			sourceTree = "<group>";
		};
		D7EBDB5A2BB668AE00CD98F7 /* DatabaseClasses */ = {
			isa = PBXGroup;
			children = (
				D7EBDB582BB6687700CD98F7 /* UserDefaultsManager.swift */,
			);
			path = DatabaseClasses;
			sourceTree = "<group>";
		};
/* End PBXGroup section */

/* Begin PBXNativeTarget section */
		2627C2652B885209005DEC0B /* Pet adoption */ = {
			isa = PBXNativeTarget;
			buildConfigurationList = 2627C27A2B88520B005DEC0B /* Build configuration list for PBXNativeTarget "Pet adoption" */;
			buildPhases = (
				2627C2622B885209005DEC0B /* Sources */,
				2627C2632B885209005DEC0B /* Frameworks */,
				2627C2642B885209005DEC0B /* Resources */,
			);
			buildRules = (
			);
			dependencies = (
			);
			name = "Pet adoption";
			productName = "Pet adoption";
			productReference = 2627C2662B885209005DEC0B /* Pet adoption.app */;
			productType = "com.apple.product-type.application";
		};
/* End PBXNativeTarget section */

/* Begin PBXProject section */
		2627C25E2B885209005DEC0B /* Project object */ = {
			isa = PBXProject;
			attributes = {
				BuildIndependentTargetsInParallel = 1;
				LastSwiftUpdateCheck = 1500;
				LastUpgradeCheck = 1500;
				TargetAttributes = {
					2627C2652B885209005DEC0B = {
						CreatedOnToolsVersion = 15.0;
					};
				};
			};
			buildConfigurationList = 2627C2612B885209005DEC0B /* Build configuration list for PBXProject "Petadoption" */;
			compatibilityVersion = "Xcode 14.0";
			developmentRegion = en;
			hasScannedForEncodings = 0;
			knownRegions = (
				en,
				Base,
			);
			mainGroup = 2627C25D2B885209005DEC0B;
			packageReferences = (
				D7EBDB562BB664BC00CD98F7 /* XCRemoteSwiftPackageReference "firebase-ios-sdk" */,
			);
			productRefGroup = 2627C2672B885209005DEC0B /* Products */;
			projectDirPath = "";
			projectRoot = "";
			targets = (
				2627C2652B885209005DEC0B /* Pet adoption */,
			);
		};
/* End PBXProject section */

/* Begin PBXResourcesBuildPhase section */
		2627C2642B885209005DEC0B /* Resources */ = {
			isa = PBXResourcesBuildPhase;
			buildActionMask = 2147483647;
			files = (
				26952BD12B890D5B00815A0E /* clap.gif in Resources */,
				2627C2762B88520B005DEC0B /* LaunchScreen.storyboard in Resources */,
				2627C27E2B885265005DEC0B /* GoogleService-Info.plist in Resources */,
				2627C2732B88520B005DEC0B /* Assets.xcassets in Resources */,
				2608B5942B8905C500EE3F36 /* pet.gif in Resources */,
				2627C2712B885209005DEC0B /* Main.storyboard in Resources */,
				2608B59C2B890C6A00EE3F36 /* dogSound.mp3 in Resources */,
			);
			runOnlyForDeploymentPostprocessing = 0;
		};
/* End PBXResourcesBuildPhase section */

/* Begin PBXSourcesBuildPhase section */
		2627C2622B885209005DEC0B /* Sources */ = {
			isa = PBXSourcesBuildPhase;
			buildActionMask = 2147483647;
			files = (
				2608B59A2B8909E000EE3F36 /* Mp3Player.swift in Sources */,
				5E1B6CBE2B9A94DC007073DB /* GlobalDateTimePicker.swift in Sources */,
				2608B57A2B89019500EE3F36 /* SignupVC.swift in Sources */,
				D7EA20FC2B9B5F8100374889 /* DesignableView.swift in Sources */,
				2627C26A2B885209005DEC0B /* AppDelegate.swift in Sources */,
				D743A7E32B997B860002A73B /* ButtonWithShawdow.swift in Sources */,
				D76A914F2BAF90D20088AC50 /* GIFImageView.swift in Sources */,
				5E8607362B9A98F0009B63C0 /* ClickableLabel.swift in Sources */,
				5EE816E82BB7504000FAB358 /* PageIndicator.swift in Sources */,
				2627C26C2B885209005DEC0B /* SceneDelegate.swift in Sources */,
				30638BC82B9981AA00B0E9C1 /* Color.swift in Sources */,
				2608B5982B8905DD00EE3F36 /* AnimationScreen.swift in Sources */,
				D7EBDB592BB6687700CD98F7 /* UserDefaultsManager.swift in Sources */,
				2608B5792B89019500EE3F36 /* LoginVC.swift in Sources */,
				30A4749F2B9BBB680018F59D /* BackButton.swift in Sources */,
				30A4749D2B9B7C8B0018F59D /* Constants.swift in Sources */,
			);
			runOnlyForDeploymentPostprocessing = 0;
		};
/* End PBXSourcesBuildPhase section */

/* Begin PBXVariantGroup section */
		2627C26F2B885209005DEC0B /* Main.storyboard */ = {
			isa = PBXVariantGroup;
			children = (
				2627C2702B885209005DEC0B /* Base */,
			);
			name = Main.storyboard;
			sourceTree = "<group>";
		};
		2627C2742B88520B005DEC0B /* LaunchScreen.storyboard */ = {
			isa = PBXVariantGroup;
			children = (
				2627C2752B88520B005DEC0B /* Base */,
			);
			name = LaunchScreen.storyboard;
			sourceTree = "<group>";
		};
/* End PBXVariantGroup section */

/* Begin XCBuildConfiguration section */
		2627C2782B88520B005DEC0B /* Debug */ = {
			isa = XCBuildConfiguration;
			buildSettings = {
				ALWAYS_SEARCH_USER_PATHS = NO;
				ASSETCATALOG_COMPILER_GENERATE_SWIFT_ASSET_SYMBOL_EXTENSIONS = YES;
				CLANG_ANALYZER_NONNULL = YES;
				CLANG_ANALYZER_NUMBER_OBJECT_CONVERSION = YES_AGGRESSIVE;
				CLANG_CXX_LANGUAGE_STANDARD = "gnu++20";
				CLANG_ENABLE_MODULES = YES;
				CLANG_ENABLE_OBJC_ARC = YES;
				CLANG_ENABLE_OBJC_WEAK = YES;
				CLANG_WARN_BLOCK_CAPTURE_AUTORELEASING = YES;
				CLANG_WARN_BOOL_CONVERSION = YES;
				CLANG_WARN_COMMA = YES;
				CLANG_WARN_CONSTANT_CONVERSION = YES;
				CLANG_WARN_DEPRECATED_OBJC_IMPLEMENTATIONS = YES;
				CLANG_WARN_DIRECT_OBJC_ISA_USAGE = YES_ERROR;
				CLANG_WARN_DOCUMENTATION_COMMENTS = YES;
				CLANG_WARN_EMPTY_BODY = YES;
				CLANG_WARN_ENUM_CONVERSION = YES;
				CLANG_WARN_INFINITE_RECURSION = YES;
				CLANG_WARN_INT_CONVERSION = YES;
				CLANG_WARN_NON_LITERAL_NULL_CONVERSION = YES;
				CLANG_WARN_OBJC_IMPLICIT_RETAIN_SELF = YES;
				CLANG_WARN_OBJC_LITERAL_CONVERSION = YES;
				CLANG_WARN_OBJC_ROOT_CLASS = YES_ERROR;
				CLANG_WARN_QUOTED_INCLUDE_IN_FRAMEWORK_HEADER = YES;
				CLANG_WARN_RANGE_LOOP_ANALYSIS = YES;
				CLANG_WARN_STRICT_PROTOTYPES = YES;
				CLANG_WARN_SUSPICIOUS_MOVE = YES;
				CLANG_WARN_UNGUARDED_AVAILABILITY = YES_AGGRESSIVE;
				CLANG_WARN_UNREACHABLE_CODE = YES;
				CLANG_WARN__DUPLICATE_METHOD_MATCH = YES;
				COPY_PHASE_STRIP = NO;
				DEBUG_INFORMATION_FORMAT = dwarf;
				ENABLE_STRICT_OBJC_MSGSEND = YES;
				ENABLE_TESTABILITY = YES;
				ENABLE_USER_SCRIPT_SANDBOXING = YES;
				GCC_C_LANGUAGE_STANDARD = gnu17;
				GCC_DYNAMIC_NO_PIC = NO;
				GCC_NO_COMMON_BLOCKS = YES;
				GCC_OPTIMIZATION_LEVEL = 0;
				GCC_PREPROCESSOR_DEFINITIONS = (
					"DEBUG=1",
					"$(inherited)",
				);
				GCC_WARN_64_TO_32_BIT_CONVERSION = YES;
				GCC_WARN_ABOUT_RETURN_TYPE = YES_ERROR;
				GCC_WARN_UNDECLARED_SELECTOR = YES;
				GCC_WARN_UNINITIALIZED_AUTOS = YES_AGGRESSIVE;
				GCC_WARN_UNUSED_FUNCTION = YES;
				GCC_WARN_UNUSED_VARIABLE = YES;
				IPHONEOS_DEPLOYMENT_TARGET = 17.0;
				LOCALIZATION_PREFERS_STRING_CATALOGS = YES;
				MTL_ENABLE_DEBUG_INFO = INCLUDE_SOURCE;
				MTL_FAST_MATH = YES;
				ONLY_ACTIVE_ARCH = YES;
				SDKROOT = iphoneos;
				SWIFT_ACTIVE_COMPILATION_CONDITIONS = "DEBUG $(inherited)";
				SWIFT_OPTIMIZATION_LEVEL = "-Onone";
			};
			name = Debug;
		};
		2627C2792B88520B005DEC0B /* Release */ = {
			isa = XCBuildConfiguration;
			buildSettings = {
				ALWAYS_SEARCH_USER_PATHS = NO;
				ASSETCATALOG_COMPILER_GENERATE_SWIFT_ASSET_SYMBOL_EXTENSIONS = YES;
				CLANG_ANALYZER_NONNULL = YES;
				CLANG_ANALYZER_NUMBER_OBJECT_CONVERSION = YES_AGGRESSIVE;
				CLANG_CXX_LANGUAGE_STANDARD = "gnu++20";
				CLANG_ENABLE_MODULES = YES;
				CLANG_ENABLE_OBJC_ARC = YES;
				CLANG_ENABLE_OBJC_WEAK = YES;
				CLANG_WARN_BLOCK_CAPTURE_AUTORELEASING = YES;
				CLANG_WARN_BOOL_CONVERSION = YES;
				CLANG_WARN_COMMA = YES;
				CLANG_WARN_CONSTANT_CONVERSION = YES;
				CLANG_WARN_DEPRECATED_OBJC_IMPLEMENTATIONS = YES;
				CLANG_WARN_DIRECT_OBJC_ISA_USAGE = YES_ERROR;
				CLANG_WARN_DOCUMENTATION_COMMENTS = YES;
				CLANG_WARN_EMPTY_BODY = YES;
				CLANG_WARN_ENUM_CONVERSION = YES;
				CLANG_WARN_INFINITE_RECURSION = YES;
				CLANG_WARN_INT_CONVERSION = YES;
				CLANG_WARN_NON_LITERAL_NULL_CONVERSION = YES;
				CLANG_WARN_OBJC_IMPLICIT_RETAIN_SELF = YES;
				CLANG_WARN_OBJC_LITERAL_CONVERSION = YES;
				CLANG_WARN_OBJC_ROOT_CLASS = YES_ERROR;
				CLANG_WARN_QUOTED_INCLUDE_IN_FRAMEWORK_HEADER = YES;
				CLANG_WARN_RANGE_LOOP_ANALYSIS = YES;
				CLANG_WARN_STRICT_PROTOTYPES = YES;
				CLANG_WARN_SUSPICIOUS_MOVE = YES;
				CLANG_WARN_UNGUARDED_AVAILABILITY = YES_AGGRESSIVE;
				CLANG_WARN_UNREACHABLE_CODE = YES;
				CLANG_WARN__DUPLICATE_METHOD_MATCH = YES;
				COPY_PHASE_STRIP = NO;
				DEBUG_INFORMATION_FORMAT = "dwarf-with-dsym";
				ENABLE_NS_ASSERTIONS = NO;
				ENABLE_STRICT_OBJC_MSGSEND = YES;
				ENABLE_USER_SCRIPT_SANDBOXING = YES;
				GCC_C_LANGUAGE_STANDARD = gnu17;
				GCC_NO_COMMON_BLOCKS = YES;
				GCC_WARN_64_TO_32_BIT_CONVERSION = YES;
				GCC_WARN_ABOUT_RETURN_TYPE = YES_ERROR;
				GCC_WARN_UNDECLARED_SELECTOR = YES;
				GCC_WARN_UNINITIALIZED_AUTOS = YES_AGGRESSIVE;
				GCC_WARN_UNUSED_FUNCTION = YES;
				GCC_WARN_UNUSED_VARIABLE = YES;
				IPHONEOS_DEPLOYMENT_TARGET = 17.0;
				LOCALIZATION_PREFERS_STRING_CATALOGS = YES;
				MTL_ENABLE_DEBUG_INFO = NO;
				MTL_FAST_MATH = YES;
				SDKROOT = iphoneos;
				SWIFT_COMPILATION_MODE = wholemodule;
				VALIDATE_PRODUCT = YES;
			};
			name = Release;
		};
		2627C27B2B88520B005DEC0B /* Debug */ = {
			isa = XCBuildConfiguration;
			buildSettings = {
				ASSETCATALOG_COMPILER_APPICON_NAME = AppIcon;
				ASSETCATALOG_COMPILER_GLOBAL_ACCENT_COLOR_NAME = AccentColor;
				CODE_SIGN_STYLE = Automatic;
				CURRENT_PROJECT_VERSION = 1;
				GENERATE_INFOPLIST_FILE = YES;
				INFOPLIST_FILE = "Pet adoption/Info.plist";
				INFOPLIST_KEY_UIApplicationSupportsIndirectInputEvents = YES;
				INFOPLIST_KEY_UILaunchStoryboardName = LaunchScreen;
				INFOPLIST_KEY_UIMainStoryboardFile = Main;
				INFOPLIST_KEY_UISupportedInterfaceOrientations_iPad = "UIInterfaceOrientationPortrait UIInterfaceOrientationPortraitUpsideDown UIInterfaceOrientationLandscapeLeft UIInterfaceOrientationLandscapeRight";
				INFOPLIST_KEY_UISupportedInterfaceOrientations_iPhone = "UIInterfaceOrientationPortrait UIInterfaceOrientationLandscapeLeft UIInterfaceOrientationLandscapeRight";
				LD_RUNPATH_SEARCH_PATHS = (
					"$(inherited)",
					"@executable_path/Frameworks",
				);
				MARKETING_VERSION = 1.0;
				PRODUCT_BUNDLE_IDENTIFIER = edu.nwmissouri.spring24.cs44643.sec02.PetAdoption;
				PRODUCT_NAME = "$(TARGET_NAME)";
				SWIFT_EMIT_LOC_STRINGS = YES;
				SWIFT_VERSION = 5.0;
				TARGETED_DEVICE_FAMILY = "1,2";
			};
			name = Debug;
		};
		2627C27C2B88520B005DEC0B /* Release */ = {
			isa = XCBuildConfiguration;
			buildSettings = {
				ASSETCATALOG_COMPILER_APPICON_NAME = AppIcon;
				ASSETCATALOG_COMPILER_GLOBAL_ACCENT_COLOR_NAME = AccentColor;
				CODE_SIGN_STYLE = Automatic;
				CURRENT_PROJECT_VERSION = 1;
				GENERATE_INFOPLIST_FILE = YES;
				INFOPLIST_FILE = "Pet adoption/Info.plist";
				INFOPLIST_KEY_UIApplicationSupportsIndirectInputEvents = YES;
				INFOPLIST_KEY_UILaunchStoryboardName = LaunchScreen;
				INFOPLIST_KEY_UIMainStoryboardFile = Main;
				INFOPLIST_KEY_UISupportedInterfaceOrientations_iPad = "UIInterfaceOrientationPortrait UIInterfaceOrientationPortraitUpsideDown UIInterfaceOrientationLandscapeLeft UIInterfaceOrientationLandscapeRight";
				INFOPLIST_KEY_UISupportedInterfaceOrientations_iPhone = "UIInterfaceOrientationPortrait UIInterfaceOrientationLandscapeLeft UIInterfaceOrientationLandscapeRight";
				LD_RUNPATH_SEARCH_PATHS = (
					"$(inherited)",
					"@executable_path/Frameworks",
				);
				MARKETING_VERSION = 1.0;
				PRODUCT_BUNDLE_IDENTIFIER = edu.nwmissouri.spring24.cs44643.sec02.PetAdoption;
				PRODUCT_NAME = "$(TARGET_NAME)";
				SWIFT_EMIT_LOC_STRINGS = YES;
				SWIFT_VERSION = 5.0;
				TARGETED_DEVICE_FAMILY = "1,2";
			};
			name = Release;
		};
/* End XCBuildConfiguration section */

/* Begin XCConfigurationList section */
		2627C2612B885209005DEC0B /* Build configuration list for PBXProject "Petadoption" */ = {
			isa = XCConfigurationList;
			buildConfigurations = (
				2627C2782B88520B005DEC0B /* Debug */,
				2627C2792B88520B005DEC0B /* Release */,
			);
			defaultConfigurationIsVisible = 0;
			defaultConfigurationName = Release;
		};
		2627C27A2B88520B005DEC0B /* Build configuration list for PBXNativeTarget "Pet adoption" */ = {
			isa = XCConfigurationList;
			buildConfigurations = (
				2627C27B2B88520B005DEC0B /* Debug */,
				2627C27C2B88520B005DEC0B /* Release */,
			);
			defaultConfigurationIsVisible = 0;
			defaultConfigurationName = Release;
		};
/* End XCConfigurationList section */

/* Begin XCRemoteSwiftPackageReference section */
		D7EBDB562BB664BC00CD98F7 /* XCRemoteSwiftPackageReference "firebase-ios-sdk" */ = {
			isa = XCRemoteSwiftPackageReference;
			repositoryURL = "https://github.com/firebase/firebase-ios-sdk.git";
			requirement = {
				kind = upToNextMajorVersion;
				minimumVersion = 10.23.1;
			};
		};
/* End XCRemoteSwiftPackageReference section */
	};
	rootObject = 2627C25E2B885209005DEC0B /* Project object */;
}
